// !$*UTF8*$!
{
	archiveVersion = 1;
	classes = {
	};
	objectVersion = 77;
	objects = {

/* Begin PBXBuildFile section */
		CEE710152D47BF74009470BA /* Swifter in Frameworks */ = {isa = PBXBuildFile; productRef = CEE710142D47BF74009470BA /* Swifter */; };
/* End PBXBuildFile section */

/* Begin PBXContainerItemProxy section */
		CE1A36D42D478ACF0005E564 /* PBXContainerItemProxy */ = {
			isa = PBXContainerItemProxy;
			containerPortal = CE1A36BA2D478ACE0005E564 /* Project object */;
			proxyType = 1;
			remoteGlobalIDString = CE1A36C12D478ACE0005E564;
			remoteInfo = MouseKeyboardControl;
		};
		CE1A36DE2D478ACF0005E564 /* PBXContainerItemProxy */ = {
			isa = PBXContainerItemProxy;
			containerPortal = CE1A36BA2D478ACE0005E564 /* Project object */;
			proxyType = 1;
			remoteGlobalIDString = CE1A36C12D478ACE0005E564;
			remoteInfo = MouseKeyboardControl;
		};
/* End PBXContainerItemProxy section */

/* Begin PBXFileReference section */
		CE1A36C22D478ACE0005E564 /* MouseKeyboardControl.app */ = {isa = PBXFileReference; explicitFileType = wrapper.application; includeInIndex = 0; path = MouseKeyboardControl.app; sourceTree = BUILT_PRODUCTS_DIR; };
		CE1A36D32D478ACF0005E564 /* MouseKeyboardControlTests.xctest */ = {isa = PBXFileReference; explicitFileType = wrapper.cfbundle; includeInIndex = 0; path = MouseKeyboardControlTests.xctest; sourceTree = BUILT_PRODUCTS_DIR; };
		CE1A36DD2D478ACF0005E564 /* MouseKeyboardControlUITests.xctest */ = {isa = PBXFileReference; explicitFileType = wrapper.cfbundle; includeInIndex = 0; path = MouseKeyboardControlUITests.xctest; sourceTree = BUILT_PRODUCTS_DIR; };
/* End PBXFileReference section */

/* Begin PBXFileSystemSynchronizedBuildFileExceptionSet section */
		CEF89F032D47B77300FA21AB /* Exceptions for "MouseKeyboardControl" folder in "MouseKeyboardControl" target */ = {
			isa = PBXFileSystemSynchronizedBuildFileExceptionSet;
			membershipExceptions = (
				Info.plist,
			);
			target = CE1A36C12D478ACE0005E564 /* MouseKeyboardControl */;
		};
/* End PBXFileSystemSynchronizedBuildFileExceptionSet section */

/* Begin PBXFileSystemSynchronizedRootGroup section */
		CE1A36C42D478ACE0005E564 /* MouseKeyboardControl */ = {
			isa = PBXFileSystemSynchronizedRootGroup;
			exceptions = (
				CEF89F032D47B77300FA21AB /* Exceptions for "MouseKeyboardControl" folder in "MouseKeyboardControl" target */,
			);
			path = MouseKeyboardControl;
			sourceTree = "<group>";
		};
		CE1A36D62D478ACF0005E564 /* MouseKeyboardControlTests */ = {
			isa = PBXFileSystemSynchronizedRootGroup;
			path = MouseKeyboardControlTests;
			sourceTree = "<group>";
		};
		CE1A36E02D478ACF0005E564 /* MouseKeyboardControlUITests */ = {
			isa = PBXFileSystemSynchronizedRootGroup;
			path = MouseKeyboardControlUITests;
			sourceTree = "<group>";
		};
/* End PBXFileSystemSynchronizedRootGroup section */

/* Begin PBXFrameworksBuildPhase section */
		CE1A36BF2D478ACE0005E564 /* Frameworks */ = {
			isa = PBXFrameworksBuildPhase;
			buildActionMask = 2147483647;
			files = (
				CEE710152D47BF74009470BA /* Swifter in Frameworks */,
			);
			runOnlyForDeploymentPostprocessing = 0;
		};
		CE1A36D02D478ACF0005E564 /* Frameworks */ = {
			isa = PBXFrameworksBuildPhase;
			buildActionMask = 2147483647;
			files = (
			);
			runOnlyForDeploymentPostprocessing = 0;
		};
		CE1A36DA2D478ACF0005E564 /* Frameworks */ = {
			isa = PBXFrameworksBuildPhase;
			buildActionMask = 2147483647;
			files = (
			);
			runOnlyForDeploymentPostprocessing = 0;
		};
/* End PBXFrameworksBuildPhase section */

/* Begin PBXGroup section */
		CE1A36B92D478ACE0005E564 = {
			isa = PBXGroup;
			children = (
				CE1A36C42D478ACE0005E564 /* MouseKeyboardControl */,
				CE1A36D62D478ACF0005E564 /* MouseKeyboardControlTests */,
				CE1A36E02D478ACF0005E564 /* MouseKeyboardControlUITests */,
				CEE710132D47BF74009470BA /* Frameworks */,
				CE1A36C32D478ACE0005E564 /* Products */,
			);
			sourceTree = "<group>";
		};
		CE1A36C32D478ACE0005E564 /* Products */ = {
			isa = PBXGroup;
			children = (
				CE1A36C22D478ACE0005E564 /* MouseKeyboardControl.app */,
				CE1A36D32D478ACF0005E564 /* MouseKeyboardControlTests.xctest */,
				CE1A36DD2D478ACF0005E564 /* MouseKeyboardControlUITests.xctest */,
			);
			name = Products;
			sourceTree = "<group>";
		};
		CEE710132D47BF74009470BA /* Frameworks */ = {
			isa = PBXGroup;
			children = (
			);
			name = Frameworks;
			sourceTree = "<group>";
		};
/* End PBXGroup section */

/* Begin PBXNativeTarget section */
		CE1A36C12D478ACE0005E564 /* MouseKeyboardControl */ = {
			isa = PBXNativeTarget;
			buildConfigurationList = CE1A36E72D478ACF0005E564 /* Build configuration list for PBXNativeTarget "MouseKeyboardControl" */;
			buildPhases = (
				CE1A36BE2D478ACE0005E564 /* Sources */,
				CE1A36BF2D478ACE0005E564 /* Frameworks */,
				CE1A36C02D478ACE0005E564 /* Resources */,
			);
			buildRules = (
			);
			dependencies = (
			);
			fileSystemSynchronizedGroups = (
				CE1A36C42D478ACE0005E564 /* MouseKeyboardControl */,
			);
			name = MouseKeyboardControl;
			packageProductDependencies = (
				CEE710142D47BF74009470BA /* Swifter */,
			);
			productName = MouseKeyboardControl;
			productReference = CE1A36C22D478ACE0005E564 /* MouseKeyboardControl.app */;
			productType = "com.apple.product-type.application";
		};
		CE1A36D22D478ACF0005E564 /* MouseKeyboardControlTests */ = {
			isa = PBXNativeTarget;
			buildConfigurationList = CE1A36EA2D478ACF0005E564 /* Build configuration list for PBXNativeTarget "MouseKeyboardControlTests" */;
			buildPhases = (
				CE1A36CF2D478ACF0005E564 /* Sources */,
				CE1A36D02D478ACF0005E564 /* Frameworks */,
				CE1A36D12D478ACF0005E564 /* Resources */,
			);
			buildRules = (
			);
			dependencies = (
				CE1A36D52D478ACF0005E564 /* PBXTargetDependency */,
			);
			fileSystemSynchronizedGroups = (
				CE1A36D62D478ACF0005E564 /* MouseKeyboardControlTests */,
			);
			name = MouseKeyboardControlTests;
			packageProductDependencies = (
			);
			productName = MouseKeyboardControlTests;
			productReference = CE1A36D32D478ACF0005E564 /* MouseKeyboardControlTests.xctest */;
			productType = "com.apple.product-type.bundle.unit-test";
		};
		CE1A36DC2D478ACF0005E564 /* MouseKeyboardControlUITests */ = {
			isa = PBXNativeTarget;
			buildConfigurationList = CE1A36ED2D478ACF0005E564 /* Build configuration list for PBXNativeTarget "MouseKeyboardControlUITests" */;
			buildPhases = (
				CE1A36D92D478ACF0005E564 /* Sources */,
				CE1A36DA2D478ACF0005E564 /* Frameworks */,
				CE1A36DB2D478ACF0005E564 /* Resources */,
			);
			buildRules = (
			);
			dependencies = (
				CE1A36DF2D478ACF0005E564 /* PBXTargetDependency */,
			);
			fileSystemSynchronizedGroups = (
				CE1A36E02D478ACF0005E564 /* MouseKeyboardControlUITests */,
			);
			name = MouseKeyboardControlUITests;
			packageProductDependencies = (
			);
			productName = MouseKeyboardControlUITests;
			productReference = CE1A36DD2D478ACF0005E564 /* MouseKeyboardControlUITests.xctest */;
			productType = "com.apple.product-type.bundle.ui-testing";
		};
/* End PBXNativeTarget section */

/* Begin PBXProject section */
		CE1A36BA2D478ACE0005E564 /* Project object */ = {
			isa = PBXProject;
			attributes = {
				BuildIndependentTargetsInParallel = 1;
				LastSwiftUpdateCheck = 1620;
				LastUpgradeCheck = 1620;
				TargetAttributes = {
					CE1A36C12D478ACE0005E564 = {
						CreatedOnToolsVersion = 16.2;
					};
					CE1A36D22D478ACF0005E564 = {
						CreatedOnToolsVersion = 16.2;
						TestTargetID = CE1A36C12D478ACE0005E564;
					};
					CE1A36DC2D478ACF0005E564 = {
						CreatedOnToolsVersion = 16.2;
						TestTargetID = CE1A36C12D478ACE0005E564;
					};
				};
			};
			buildConfigurationList = CE1A36BD2D478ACE0005E564 /* Build configuration list for PBXProject "MouseKeyboardControl" */;
			developmentRegion = en;
			hasScannedForEncodings = 0;
			knownRegions = (
				en,
				Base,
			);
			mainGroup = CE1A36B92D478ACE0005E564;
			minimizedProjectReferenceProxies = 1;
			packageReferences = (
				CEF89F072D47BF2B00FA21AB /* XCRemoteSwiftPackageReference "swifter" */,
			);
			preferredProjectObjectVersion = 77;
			productRefGroup = CE1A36C32D478ACE0005E564 /* Products */;
			projectDirPath = "";
			projectRoot = "";
			targets = (
				CE1A36C12D478ACE0005E564 /* MouseKeyboardControl */,
				CE1A36D22D478ACF0005E564 /* MouseKeyboardControlTests */,
				CE1A36DC2D478ACF0005E564 /* MouseKeyboardControlUITests */,
			);
		};
/* End PBXProject section */

/* Begin PBXResourcesBuildPhase section */
		CE1A36C02D478ACE0005E564 /* Resources */ = {
			isa = PBXResourcesBuildPhase;
			buildActionMask = 2147483647;
			files = (
			);
			runOnlyForDeploymentPostprocessing = 0;
		};
		CE1A36D12D478ACF0005E564 /* Resources */ = {
			isa = PBXResourcesBuildPhase;
			buildActionMask = 2147483647;
			files = (
			);
			runOnlyForDeploymentPostprocessing = 0;
		};
		CE1A36DB2D478ACF0005E564 /* Resources */ = {
			isa = PBXResourcesBuildPhase;
			buildActionMask = 2147483647;
			files = (
			);
			runOnlyForDeploymentPostprocessing = 0;
		};
/* End PBXResourcesBuildPhase section */

/* Begin PBXSourcesBuildPhase section */
		CE1A36BE2D478ACE0005E564 /* Sources */ = {
			isa = PBXSourcesBuildPhase;
			buildActionMask = 2147483647;
			files = (
			);
			runOnlyForDeploymentPostprocessing = 0;
		};
		CE1A36CF2D478ACF0005E564 /* Sources */ = {
			isa = PBXSourcesBuildPhase;
			buildActionMask = 2147483647;
			files = (
			);
			runOnlyForDeploymentPostprocessing = 0;
		};
		CE1A36D92D478ACF0005E564 /* Sources */ = {
			isa = PBXSourcesBuildPhase;
			buildActionMask = 2147483647;
			files = (
			);
			runOnlyForDeploymentPostprocessing = 0;
		};
/* End PBXSourcesBuildPhase section */

/* Begin PBXTargetDependency section */
		CE1A36D52D478ACF0005E564 /* PBXTargetDependency */ = {
			isa = PBXTargetDependency;
			target = CE1A36C12D478ACE0005E564 /* MouseKeyboardControl */;
			targetProxy = CE1A36D42D478ACF0005E564 /* PBXContainerItemProxy */;
		};
		CE1A36DF2D478ACF0005E564 /* PBXTargetDependency */ = {
			isa = PBXTargetDependency;
			target = CE1A36C12D478ACE0005E564 /* MouseKeyboardControl */;
			targetProxy = CE1A36DE2D478ACF0005E564 /* PBXContainerItemProxy */;
		};
/* End PBXTargetDependency section */

/* Begin XCBuildConfiguration section */
		CE1A36E52D478ACF0005E564 /* Debug */ = {
			isa = XCBuildConfiguration;
			buildSettings = {
				ALWAYS_SEARCH_USER_PATHS = NO;
				ASSETCATALOG_COMPILER_GENERATE_SWIFT_ASSET_SYMBOL_EXTENSIONS = YES;
				CLANG_ANALYZER_NONNULL = YES;
				CLANG_ANALYZER_NUMBER_OBJECT_CONVERSION = YES_AGGRESSIVE;
				CLANG_CXX_LANGUAGE_STANDARD = "gnu++20";
				CLANG_ENABLE_MODULES = YES;
				CLANG_ENABLE_OBJC_ARC = YES;
				CLANG_ENABLE_OBJC_WEAK = YES;
				CLANG_WARN_BLOCK_CAPTURE_AUTORELEASING = YES;
				CLANG_WARN_BOOL_CONVERSION = YES;
				CLANG_WARN_COMMA = YES;
				CLANG_WARN_CONSTANT_CONVERSION = YES;
				CLANG_WARN_DEPRECATED_OBJC_IMPLEMENTATIONS = YES;
				CLANG_WARN_DIRECT_OBJC_ISA_USAGE = YES_ERROR;
				CLANG_WARN_DOCUMENTATION_COMMENTS = YES;
				CLANG_WARN_EMPTY_BODY = YES;
				CLANG_WARN_ENUM_CONVERSION = YES;
				CLANG_WARN_INFINITE_RECURSION = YES;
				CLANG_WARN_INT_CONVERSION = YES;
				CLANG_WARN_NON_LITERAL_NULL_CONVERSION = YES;
				CLANG_WARN_OBJC_IMPLICIT_RETAIN_SELF = YES;
				CLANG_WARN_OBJC_LITERAL_CONVERSION = YES;
				CLANG_WARN_OBJC_ROOT_CLASS = YES_ERROR;
				CLANG_WARN_QUOTED_INCLUDE_IN_FRAMEWORK_HEADER = YES;
				CLANG_WARN_RANGE_LOOP_ANALYSIS = YES;
				CLANG_WARN_STRICT_PROTOTYPES = YES;
				CLANG_WARN_SUSPICIOUS_MOVE = YES;
				CLANG_WARN_UNGUARDED_AVAILABILITY = YES_AGGRESSIVE;
				CLANG_WARN_UNREACHABLE_CODE = YES;
				CLANG_WARN__DUPLICATE_METHOD_MATCH = YES;
				COPY_PHASE_STRIP = NO;
				DEBUG_INFORMATION_FORMAT = dwarf;
				ENABLE_STRICT_OBJC_MSGSEND = YES;
				ENABLE_TESTABILITY = YES;
				ENABLE_USER_SCRIPT_SANDBOXING = YES;
				GCC_C_LANGUAGE_STANDARD = gnu17;
				GCC_DYNAMIC_NO_PIC = NO;
				GCC_NO_COMMON_BLOCKS = YES;
				GCC_OPTIMIZATION_LEVEL = 0;
				GCC_PREPROCESSOR_DEFINITIONS = (
					"DEBUG=1",
					"$(inherited)",
				);
				GCC_WARN_64_TO_32_BIT_CONVERSION = YES;
				GCC_WARN_ABOUT_RETURN_TYPE = YES_ERROR;
				GCC_WARN_UNDECLARED_SELECTOR = YES;
				GCC_WARN_UNINITIALIZED_AUTOS = YES_AGGRESSIVE;
				GCC_WARN_UNUSED_FUNCTION = YES;
				GCC_WARN_UNUSED_VARIABLE = YES;
				LOCALIZATION_PREFERS_STRING_CATALOGS = YES;
				MACOSX_DEPLOYMENT_TARGET = 15.2;
				MTL_ENABLE_DEBUG_INFO = INCLUDE_SOURCE;
				MTL_FAST_MATH = YES;
				ONLY_ACTIVE_ARCH = YES;
				SDKROOT = macosx;
				SWIFT_ACTIVE_COMPILATION_CONDITIONS = "DEBUG $(inherited)";
				SWIFT_OPTIMIZATION_LEVEL = "-Onone";
			};
			name = Debug;
		};
		CE1A36E62D478ACF0005E564 /* Release */ = {
			isa = XCBuildConfiguration;
			buildSettings = {
				ALWAYS_SEARCH_USER_PATHS = NO;
				ASSETCATALOG_COMPILER_GENERATE_SWIFT_ASSET_SYMBOL_EXTENSIONS = YES;
				CLANG_ANALYZER_NONNULL = YES;
				CLANG_ANALYZER_NUMBER_OBJECT_CONVERSION = YES_AGGRESSIVE;
				CLANG_CXX_LANGUAGE_STANDARD = "gnu++20";
				CLANG_ENABLE_MODULES = YES;
				CLANG_ENABLE_OBJC_ARC = YES;
				CLANG_ENABLE_OBJC_WEAK = YES;
				CLANG_WARN_BLOCK_CAPTURE_AUTORELEASING = YES;
				CLANG_WARN_BOOL_CONVERSION = YES;
				CLANG_WARN_COMMA = YES;
				CLANG_WARN_CONSTANT_CONVERSION = YES;
				CLANG_WARN_DEPRECATED_OBJC_IMPLEMENTATIONS = YES;
				CLANG_WARN_DIRECT_OBJC_ISA_USAGE = YES_ERROR;
				CLANG_WARN_DOCUMENTATION_COMMENTS = YES;
				CLANG_WARN_EMPTY_BODY = YES;
				CLANG_WARN_ENUM_CONVERSION = YES;
				CLANG_WARN_INFINITE_RECURSION = YES;
				CLANG_WARN_INT_CONVERSION = YES;
				CLANG_WARN_NON_LITERAL_NULL_CONVERSION = YES;
				CLANG_WARN_OBJC_IMPLICIT_RETAIN_SELF = YES;
				CLANG_WARN_OBJC_LITERAL_CONVERSION = YES;
				CLANG_WARN_OBJC_ROOT_CLASS = YES_ERROR;
				CLANG_WARN_QUOTED_INCLUDE_IN_FRAMEWORK_HEADER = YES;
				CLANG_WARN_RANGE_LOOP_ANALYSIS = YES;
				CLANG_WARN_STRICT_PROTOTYPES = YES;
				CLANG_WARN_SUSPICIOUS_MOVE = YES;
				CLANG_WARN_UNGUARDED_AVAILABILITY = YES_AGGRESSIVE;
				CLANG_WARN_UNREACHABLE_CODE = YES;
				CLANG_WARN__DUPLICATE_METHOD_MATCH = YES;
				COPY_PHASE_STRIP = NO;
				DEBUG_INFORMATION_FORMAT = "dwarf-with-dsym";
				ENABLE_NS_ASSERTIONS = NO;
				ENABLE_STRICT_OBJC_MSGSEND = YES;
				ENABLE_USER_SCRIPT_SANDBOXING = YES;
				GCC_C_LANGUAGE_STANDARD = gnu17;
				GCC_NO_COMMON_BLOCKS = YES;
				GCC_WARN_64_TO_32_BIT_CONVERSION = YES;
				GCC_WARN_ABOUT_RETURN_TYPE = YES_ERROR;
				GCC_WARN_UNDECLARED_SELECTOR = YES;
				GCC_WARN_UNINITIALIZED_AUTOS = YES_AGGRESSIVE;
				GCC_WARN_UNUSED_FUNCTION = YES;
				GCC_WARN_UNUSED_VARIABLE = YES;
				LOCALIZATION_PREFERS_STRING_CATALOGS = YES;
				MACOSX_DEPLOYMENT_TARGET = 15.2;
				MTL_ENABLE_DEBUG_INFO = NO;
				MTL_FAST_MATH = YES;
				SDKROOT = macosx;
				SWIFT_COMPILATION_MODE = wholemodule;
			};
			name = Release;
		};
		CE1A36E82D478ACF0005E564 /* Debug */ = {
			isa = XCBuildConfiguration;
			buildSettings = {
				ASSETCATALOG_COMPILER_APPICON_NAME = AppIcon;
				ASSETCATALOG_COMPILER_GLOBAL_ACCENT_COLOR_NAME = AccentColor;
				CODE_SIGN_ENTITLEMENTS = MouseKeyboardControl/MouseKeyboardControl.entitlements;
				"CODE_SIGN_IDENTITY[sdk=macosx*]" = "Apple Development";
				CODE_SIGN_STYLE = Automatic;
				COMBINE_HIDPI_IMAGES = YES;
				CURRENT_PROJECT_VERSION = 1;
				DEVELOPMENT_ASSET_PATHS = "\"MouseKeyboardControl/Preview Content\"";
				DEVELOPMENT_TEAM = AQHBV8AC8Z;
				ENABLE_HARDENED_RUNTIME = YES;
				ENABLE_PREVIEWS = YES;
				GENERATE_INFOPLIST_FILE = YES;
				INFOPLIST_FILE = MouseKeyboardControl/Info.plist;
				INFOPLIST_KEY_NSHumanReadableCopyright = "";
				LD_RUNPATH_SEARCH_PATHS = (
					"$(inherited)",
					"@executable_path/../Frameworks",
				);
				MARKETING_VERSION = 1.0;
				PRODUCT_BUNDLE_IDENTIFIER = huhu.MouseKeyboardControl;
				PRODUCT_NAME = "$(TARGET_NAME)";
				SWIFT_EMIT_LOC_STRINGS = YES;
				SWIFT_VERSION = 5.0;
			};
			name = Debug;
		};
		CE1A36E92D478ACF0005E564 /* Release */ = {
			isa = XCBuildConfiguration;
			buildSettings = {
				ASSETCATALOG_COMPILER_APPICON_NAME = AppIcon;
				ASSETCATALOG_COMPILER_GLOBAL_ACCENT_COLOR_NAME = AccentColor;
				CODE_SIGN_ENTITLEMENTS = MouseKeyboardControl/MouseKeyboardControl.entitlements;
				"CODE_SIGN_IDENTITY[sdk=macosx*]" = "Apple Development";
				CODE_SIGN_STYLE = Automatic;
				COMBINE_HIDPI_IMAGES = YES;
				CURRENT_PROJECT_VERSION = 1;
				DEVELOPMENT_ASSET_PATHS = "\"MouseKeyboardControl/Preview Content\"";
				DEVELOPMENT_TEAM = AQHBV8AC8Z;
				ENABLE_HARDENED_RUNTIME = YES;
				ENABLE_PREVIEWS = YES;
				GENERATE_INFOPLIST_FILE = YES;
				INFOPLIST_FILE = MouseKeyboardControl/Info.plist;
				INFOPLIST_KEY_NSHumanReadableCopyright = "";
				LD_RUNPATH_SEARCH_PATHS = (
					"$(inherited)",
					"@executable_path/../Frameworks",
				);
				MARKETING_VERSION = 1.0;
				PRODUCT_BUNDLE_IDENTIFIER = huhu.MouseKeyboardControl;
				PRODUCT_NAME = "$(TARGET_NAME)";
				SWIFT_EMIT_LOC_STRINGS = YES;
				SWIFT_VERSION = 5.0;
			};
			name = Release;
		};
		CE1A36EB2D478ACF0005E564 /* Debug */ = {
			isa = XCBuildConfiguration;
			buildSettings = {
				BUNDLE_LOADER = "$(TEST_HOST)";
				CODE_SIGN_STYLE = Automatic;
				CURRENT_PROJECT_VERSION = 1;
				DEVELOPMENT_TEAM = AQHBV8AC8Z;
				GENERATE_INFOPLIST_FILE = YES;
				MACOSX_DEPLOYMENT_TARGET = 15.2;
				MARKETING_VERSION = 1.0;
				PRODUCT_BUNDLE_IDENTIFIER = huhu.MouseKeyboardControlTests;
				PRODUCT_NAME = "$(TARGET_NAME)";
				SWIFT_EMIT_LOC_STRINGS = NO;
				SWIFT_VERSION = 5.0;
				TEST_HOST = "$(BUILT_PRODUCTS_DIR)/MouseKeyboardControl.app/$(BUNDLE_EXECUTABLE_FOLDER_PATH)/MouseKeyboardControl";
			};
			name = Debug;
		};
		CE1A36EC2D478ACF0005E564 /* Release */ = {
			isa = XCBuildConfiguration;
			buildSettings = {
				BUNDLE_LOADER = "$(TEST_HOST)";
				CODE_SIGN_STYLE = Automatic;
				CURRENT_PROJECT_VERSION = 1;
				DEVELOPMENT_TEAM = AQHBV8AC8Z;
				GENERATE_INFOPLIST_FILE = YES;
				MACOSX_DEPLOYMENT_TARGET = 15.2;
				MARKETING_VERSION = 1.0;
				PRODUCT_BUNDLE_IDENTIFIER = huhu.MouseKeyboardControlTests;
				PRODUCT_NAME = "$(TARGET_NAME)";
				SWIFT_EMIT_LOC_STRINGS = NO;
				SWIFT_VERSION = 5.0;
				TEST_HOST = "$(BUILT_PRODUCTS_DIR)/MouseKeyboardControl.app/$(BUNDLE_EXECUTABLE_FOLDER_PATH)/MouseKeyboardControl";
			};
			name = Release;
		};
		CE1A36EE2D478ACF0005E564 /* Debug */ = {
			isa = XCBuildConfiguration;
			buildSettings = {
				CODE_SIGN_STYLE = Automatic;
				CURRENT_PROJECT_VERSION = 1;
				DEVELOPMENT_TEAM = AQHBV8AC8Z;
				GENERATE_INFOPLIST_FILE = YES;
				MARKETING_VERSION = 1.0;
				PRODUCT_BUNDLE_IDENTIFIER = huhu.MouseKeyboardControlUITests;
				PRODUCT_NAME = "$(TARGET_NAME)";
				SWIFT_EMIT_LOC_STRINGS = NO;
				SWIFT_VERSION = 5.0;
				TEST_TARGET_NAME = MouseKeyboardControl;
			};
			name = Debug;
		};
		CE1A36EF2D478ACF0005E564 /* Release */ = {
			isa = XCBuildConfiguration;
			buildSettings = {
				CODE_SIGN_STYLE = Automatic;
				CURRENT_PROJECT_VERSION = 1;
				DEVELOPMENT_TEAM = AQHBV8AC8Z;
				GENERATE_INFOPLIST_FILE = YES;
				MARKETING_VERSION = 1.0;
				PRODUCT_BUNDLE_IDENTIFIER = huhu.MouseKeyboardControlUITests;
				PRODUCT_NAME = "$(TARGET_NAME)";
				SWIFT_EMIT_LOC_STRINGS = NO;
				SWIFT_VERSION = 5.0;
				TEST_TARGET_NAME = MouseKeyboardControl;
			};
			name = Release;
		};
/* End XCBuildConfiguration section */

/* Begin XCConfigurationList section */
		CE1A36BD2D478ACE0005E564 /* Build configuration list for PBXProject "MouseKeyboardControl" */ = {
			isa = XCConfigurationList;
			buildConfigurations = (
				CE1A36E52D478ACF0005E564 /* Debug */,
				CE1A36E62D478ACF0005E564 /* Release */,
			);
			defaultConfigurationIsVisible = 0;
			defaultConfigurationName = Release;
		};
		CE1A36E72D478ACF0005E564 /* Build configuration list for PBXNativeTarget "MouseKeyboardControl" */ = {
			isa = XCConfigurationList;
			buildConfigurations = (
				CE1A36E82D478ACF0005E564 /* Debug */,
				CE1A36E92D478ACF0005E564 /* Release */,
			);
			defaultConfigurationIsVisible = 0;
			defaultConfigurationName = Release;
		};
		CE1A36EA2D478ACF0005E564 /* Build configuration list for PBXNativeTarget "MouseKeyboardControlTests" */ = {
			isa = XCConfigurationList;
			buildConfigurations = (
				CE1A36EB2D478ACF0005E564 /* Debug */,
				CE1A36EC2D478ACF0005E564 /* Release */,
			);
			defaultConfigurationIsVisible = 0;
			defaultConfigurationName = Release;
		};
		CE1A36ED2D478ACF0005E564 /* Build configuration list for PBXNativeTarget "MouseKeyboardControlUITests" */ = {
			isa = XCConfigurationList;
			buildConfigurations = (
				CE1A36EE2D478ACF0005E564 /* Debug */,
				CE1A36EF2D478ACF0005E564 /* Release */,
			);
			defaultConfigurationIsVisible = 0;
			defaultConfigurationName = Release;
		};
/* End XCConfigurationList section */

/* Begin XCRemoteSwiftPackageReference section */
		CEF89F072D47BF2B00FA21AB /* XCRemoteSwiftPackageReference "swifter" */ = {
			isa = XCRemoteSwiftPackageReference;
			repositoryURL = "https://github.com/httpswift/swifter.git";
			requirement = {
				kind = upToNextMajorVersion;
				minimumVersion = 1.5.0;
			};
		};
/* End XCRemoteSwiftPackageReference section */

/* Begin XCSwiftPackageProductDependency section */
		CEE710142D47BF74009470BA /* Swifter */ = {
			isa = XCSwiftPackageProductDependency;
			package = CEF89F072D47BF2B00FA21AB /* XCRemoteSwiftPackageReference "swifter" */;
			productName = Swifter;
		};
/* End XCSwiftPackageProductDependency section */
	};
	rootObject = CE1A36BA2D478ACE0005E564 /* Project object */;
}
